{
    "_meta": {
        "hash": {
            "sha256": "d530aff63a1f44ee4b2a4d910621e26e690f2f890e6b2934283aecc9406a5178"
        },
        "pipfile-spec": 6,
        "requires": {
            "python_full_version": "3.11.0",
            "python_version": "3.11"
        },
        "sources": [
            {
                "name": "pypi",
                "url": "https://pypi.org/simple",
                "verify_ssl": true
            }
        ]
    },
    "default": {
        "certifi": {
            "hashes": [
                "sha256:3d5da6925056f6f18f119200434a4780a94263f10d1c21d032a6f6b2baa20651",
                "sha256:ca78db4565a652026a4db2bcdf68f2fb589ea80d0be70e03929ed730746b84fe"
            ],
            "markers": "python_version >= '3.6'",
            "version": "==2025.1.31"
        },
        "charset-normalizer": {
            "hashes": [
                "sha256:0167ddc8ab6508fe81860a57dd472b2ef4060e8d378f0cc555707126830f2537",
                "sha256:01732659ba9b5b873fc117534143e4feefecf3b2078b0a6a2e925271bb6f4cfa",
                "sha256:01ad647cdd609225c5350561d084b42ddf732f4eeefe6e678765636791e78b9a",
                "sha256:04432ad9479fa40ec0f387795ddad4437a2b50417c69fa275e212933519ff294",
                "sha256:0907f11d019260cdc3f94fbdb23ff9125f6b5d1039b76003b5b0ac9d6a6c9d5b",
                "sha256:0924e81d3d5e70f8126529951dac65c1010cdf117bb75eb02dd12339b57749dd",
                "sha256:09b26ae6b1abf0d27570633b2b078a2a20419c99d66fb2823173d73f188ce601",
                "sha256:09b5e6733cbd160dcc09589227187e242a30a49ca5cefa5a7edd3f9d19ed53fd",
                "sha256:0af291f4fe114be0280cdd29d533696a77b5b49cfde5467176ecab32353395c4",
                "sha256:0f55e69f030f7163dffe9fd0752b32f070566451afe180f99dbeeb81f511ad8d",
                "sha256:1a2bc9f351a75ef49d664206d51f8e5ede9da246602dc2d2726837620ea034b2",
                "sha256:22e14b5d70560b8dd51ec22863f370d1e595ac3d024cb8ad7d308b4cd95f8313",
                "sha256:234ac59ea147c59ee4da87a0c0f098e9c8d169f4dc2a159ef720f1a61bbe27cd",
                "sha256:2369eea1ee4a7610a860d88f268eb39b95cb588acd7235e02fd5a5601773d4fa",
                "sha256:237bdbe6159cff53b4f24f397d43c6336c6b0b42affbe857970cefbb620911c8",
                "sha256:28bf57629c75e810b6ae989f03c0828d64d6b26a5e205535585f96093e405ed1",
                "sha256:2967f74ad52c3b98de4c3b32e1a44e32975e008a9cd2a8cc8966d6a5218c5cb2",
                "sha256:2a75d49014d118e4198bcee5ee0a6f25856b29b12dbf7cd012791f8a6cc5c496",
                "sha256:2bdfe3ac2e1bbe5b59a1a63721eb3b95fc9b6817ae4a46debbb4e11f6232428d",
                "sha256:2d074908e1aecee37a7635990b2c6d504cd4766c7bc9fc86d63f9c09af3fa11b",
                "sha256:2fb9bd477fdea8684f78791a6de97a953c51831ee2981f8e4f583ff3b9d9687e",
                "sha256:311f30128d7d333eebd7896965bfcfbd0065f1716ec92bd5638d7748eb6f936a",
                "sha256:329ce159e82018d646c7ac45b01a430369d526569ec08516081727a20e9e4af4",
                "sha256:345b0426edd4e18138d6528aed636de7a9ed169b4aaf9d61a8c19e39d26838ca",
                "sha256:363e2f92b0f0174b2f8238240a1a30142e3db7b957a5dd5689b0e75fb717cc78",
                "sha256:3a3bd0dcd373514dcec91c411ddb9632c0d7d92aed7093b8c3bbb6d69ca74408",
                "sha256:3bed14e9c89dcb10e8f3a29f9ccac4955aebe93c71ae803af79265c9ca5644c5",
                "sha256:44251f18cd68a75b56585dd00dae26183e102cd5e0f9f1466e6df5da2ed64ea3",
                "sha256:44ecbf16649486d4aebafeaa7ec4c9fed8b88101f4dd612dcaf65d5e815f837f",
                "sha256:4532bff1b8421fd0a320463030c7520f56a79c9024a4e88f01c537316019005a",
                "sha256:49402233c892a461407c512a19435d1ce275543138294f7ef013f0b63d5d3765",
                "sha256:4c0907b1928a36d5a998d72d64d8eaa7244989f7aaaf947500d3a800c83a3fd6",
                "sha256:4d86f7aff21ee58f26dcf5ae81a9addbd914115cdebcbb2217e4f0ed8982e146",
                "sha256:5777ee0881f9499ed0f71cc82cf873d9a0ca8af166dfa0af8ec4e675b7df48e6",
                "sha256:5df196eb874dae23dcfb968c83d4f8fdccb333330fe1fc278ac5ceeb101003a9",
                "sha256:619a609aa74ae43d90ed2e89bdd784765de0a25ca761b93e196d938b8fd1dbbd",
                "sha256:6e27f48bcd0957c6d4cb9d6fa6b61d192d0b13d5ef563e5f2ae35feafc0d179c",
                "sha256:6ff8a4a60c227ad87030d76e99cd1698345d4491638dfa6673027c48b3cd395f",
                "sha256:73d94b58ec7fecbc7366247d3b0b10a21681004153238750bb67bd9012414545",
                "sha256:7461baadb4dc00fd9e0acbe254e3d7d2112e7f92ced2adc96e54ef6501c5f176",
                "sha256:75832c08354f595c760a804588b9357d34ec00ba1c940c15e31e96d902093770",
                "sha256:7709f51f5f7c853f0fb938bcd3bc59cdfdc5203635ffd18bf354f6967ea0f824",
                "sha256:78baa6d91634dfb69ec52a463534bc0df05dbd546209b79a3880a34487f4b84f",
                "sha256:7974a0b5ecd505609e3b19742b60cee7aa2aa2fb3151bc917e6e2646d7667dcf",
                "sha256:7a4f97a081603d2050bfaffdefa5b02a9ec823f8348a572e39032caa8404a487",
                "sha256:7b1bef6280950ee6c177b326508f86cad7ad4dff12454483b51d8b7d673a2c5d",
                "sha256:7d053096f67cd1241601111b698f5cad775f97ab25d81567d3f59219b5f1adbd",
                "sha256:804a4d582ba6e5b747c625bf1255e6b1507465494a40a2130978bda7b932c90b",
                "sha256:807f52c1f798eef6cf26beb819eeb8819b1622ddfeef9d0977a8502d4db6d534",
                "sha256:80ed5e856eb7f30115aaf94e4a08114ccc8813e6ed1b5efa74f9f82e8509858f",
                "sha256:8417cb1f36cc0bc7eaba8ccb0e04d55f0ee52df06df3ad55259b9a323555fc8b",
                "sha256:8436c508b408b82d87dc5f62496973a1805cd46727c34440b0d29d8a2f50a6c9",
                "sha256:89149166622f4db9b4b6a449256291dc87a99ee53151c74cbd82a53c8c2f6ccd",
                "sha256:8bfa33f4f2672964266e940dd22a195989ba31669bd84629f05fab3ef4e2d125",
                "sha256:8c60ca7339acd497a55b0ea5d506b2a2612afb2826560416f6894e8b5770d4a9",
                "sha256:91b36a978b5ae0ee86c394f5a54d6ef44db1de0815eb43de826d41d21e4af3de",
                "sha256:955f8851919303c92343d2f66165294848d57e9bba6cf6e3625485a70a038d11",
                "sha256:97f68b8d6831127e4787ad15e6757232e14e12060bec17091b85eb1486b91d8d",
                "sha256:9b23ca7ef998bc739bf6ffc077c2116917eabcc901f88da1b9856b210ef63f35",
                "sha256:9f0b8b1c6d84c8034a44893aba5e767bf9c7a211e313a9605d9c617d7083829f",
                "sha256:aabfa34badd18f1da5ec1bc2715cadc8dca465868a4e73a0173466b688f29dda",
                "sha256:ab36c8eb7e454e34e60eb55ca5d241a5d18b2c6244f6827a30e451c42410b5f7",
                "sha256:b010a7a4fd316c3c484d482922d13044979e78d1861f0e0650423144c616a46a",
                "sha256:b1ac5992a838106edb89654e0aebfc24f5848ae2547d22c2c3f66454daa11971",
                "sha256:b7b2d86dd06bfc2ade3312a83a5c364c7ec2e3498f8734282c6c3d4b07b346b8",
                "sha256:b97e690a2118911e39b4042088092771b4ae3fc3aa86518f84b8cf6888dbdb41",
                "sha256:bc2722592d8998c870fa4e290c2eec2c1569b87fe58618e67d38b4665dfa680d",
                "sha256:c0429126cf75e16c4f0ad00ee0eae4242dc652290f940152ca8c75c3a4b6ee8f",
                "sha256:c30197aa96e8eed02200a83fba2657b4c3acd0f0aa4bdc9f6c1af8e8962e0757",
                "sha256:c4c3e6da02df6fa1410a7680bd3f63d4f710232d3139089536310d027950696a",
                "sha256:c75cb2a3e389853835e84a2d8fb2b81a10645b503eca9bcb98df6b5a43eb8886",
                "sha256:c96836c97b1238e9c9e3fe90844c947d5afbf4f4c92762679acfe19927d81d77",
                "sha256:d7f50a1f8c450f3925cb367d011448c39239bb3eb4117c36a6d354794de4ce76",
                "sha256:d973f03c0cb71c5ed99037b870f2be986c3c05e63622c017ea9816881d2dd247",
                "sha256:d98b1668f06378c6dbefec3b92299716b931cd4e6061f3c875a71ced1780ab85",
                "sha256:d9c3cdf5390dcd29aa8056d13e8e99526cda0305acc038b96b30352aff5ff2bb",
                "sha256:dad3e487649f498dd991eeb901125411559b22e8d7ab25d3aeb1af367df5efd7",
                "sha256:dccbe65bd2f7f7ec22c4ff99ed56faa1e9f785482b9bbd7c717e26fd723a1d1e",
                "sha256:dd78cfcda14a1ef52584dbb008f7ac81c1328c0f58184bf9a84c49c605002da6",
                "sha256:e218488cd232553829be0664c2292d3af2eeeb94b32bea483cf79ac6a694e037",
                "sha256:e358e64305fe12299a08e08978f51fc21fac060dcfcddd95453eabe5b93ed0e1",
                "sha256:ea0d8d539afa5eb2728aa1932a988a9a7af94f18582ffae4bc10b3fbdad0626e",
                "sha256:eab677309cdb30d047996b36d34caeda1dc91149e4fdca0b1a039b3f79d9a807",
                "sha256:eb8178fe3dba6450a3e024e95ac49ed3400e506fd4e9e5c32d30adda88cbd407",
                "sha256:ecddf25bee22fe4fe3737a399d0d177d72bc22be6913acfab364b40bce1ba83c",
                "sha256:eea6ee1db730b3483adf394ea72f808b6e18cf3cb6454b4d86e04fa8c4327a12",
                "sha256:f08ff5e948271dc7e18a35641d2f11a4cd8dfd5634f55228b691e62b37125eb3",
                "sha256:f30bf9fd9be89ecb2360c7d94a711f00c09b976258846efe40db3d05828e8089",
                "sha256:fa88b843d6e211393a37219e6a1c1df99d35e8fd90446f1118f4216e307e48cd",
                "sha256:fc54db6c8593ef7d4b2a331b58653356cf04f67c960f584edb7c3d8c97e8f39e",
                "sha256:fd4ec41f914fa74ad1b8304bbc634b3de73d2a0889bd32076342a573e0779e00",
                "sha256:ffc9202a29ab3920fa812879e95a9e78b2465fd10be7fcbd042899695d75e616"
            ],
            "markers": "python_version >= '3.7'",
            "version": "==3.4.1"
        },
        "cx-freeze": {
            "hashes": [
                "sha256:0f46c24a0a2d093a2319e4fe2b5a82cafd08de426ac621b54cacae398f1df1f6",
                "sha256:105dfc3b15c4f8ff78607c892b73e5a48a29ccd87836284d34611031ca74f6d9",
                "sha256:15b7dafc5eb2b5f6c118eaeed25b0fb0f3a9022e779958e5f9cd1ebf9f77c737",
                "sha256:16a6eb37db7d158d0eb4bba8b93a135b6c85ea4bf2c4176c437bc34f01067e61",
                "sha256:1f04d4ee6f5efa5223313337ee0cfbf16e385dcd8b2797ab6192ab224b781031",
                "sha256:27a6e99c0ab5efb8303ba1f6f89df141c0b23f81cb18309981bd0bd6d03e75e1",
                "sha256:2bc61c1c2d874f883bb7aae724abe84e3a36d97b679fd02d2bf33313afbbc975",
                "sha256:416460e7f3312b1e2010ce5cb35e0449ff5a6e75b3536adddf83fd9b10d13a88",
                "sha256:4309655f33bc9893f58f27618be76f46d66cc31997040ae1a3ec718159983ad5",
                "sha256:475ba16c7f43e0c0ee62ff4ba49bfcd67faec639683c64f6d2534e0f68de47f4",
                "sha256:4a908dcad86888b741aa2051a65693d8662999a8abf9b7cf3285ef4ccfddad43",
                "sha256:4e121908ce11a85aed94fed58af93d0598c31844a66a164c8c62ed720eee34cf",
                "sha256:572d0e98e75fcd3f6947dafc86b2035fe80d604662467bf8634e5c67a00e6e8f",
                "sha256:5935a74def174c70c2c84036ede420ed519f2749c87aa692ac21676c2560b72e",
                "sha256:71480bda16143c2b6177a491bbf3b9fa7e540bcf7c7afeb9bac828aa2ba6b5a4",
                "sha256:79dd0c1dc4d8d7369ea0288deccffcfed27a5ff3d11448fff5aa217b4ce83db2",
                "sha256:7eb32b0c0727d108ce30fc710e9bdbdec6fb408361fcc0cd04a65baf679c1584",
                "sha256:8017e6798edca460469b6048db231a7cbb8d7bbd4aa2bf17464037a0aa202e00",
                "sha256:84d531b5d669419b5ef95c68cb53d368a813010a82ba79fe487cf33b3972529b",
                "sha256:851a0d919a732d17e1db145c72d69b5560ab1578387e18915a9e9f0be1bc50fd",
                "sha256:85a337dfb8b2e29213beef36592ac2ad3789911c9aa68e26e0b500914f31ef7d",
                "sha256:86350e2a74edbfe89fda14724012eeec85329e5cc3b0cd91df7a47954742b009",
                "sha256:916f0512c42b00c63f1365f7321df8ad76724065f87b858c7b5839adbc472a0f",
                "sha256:9ff17dd57a972a49d03b95b42476b5909dfda7e94c5fa67ff2def1fae0619881",
                "sha256:a7e4cd5406e6124700f4bc533964477e00e0c44bfcfbf4c06c6a7f7aca5b25b1",
                "sha256:a7f5d65830cb3b0d24590e4526995baf01beeb2517c41838d597c5a2e4ca76d7",
                "sha256:ae9cdf73f4200bb4b9197e12d2a97f466f058f040fbd8924fd4ee6fbaf53d0a8",
                "sha256:c0af82ba512323a1036a42c2e863ea56e12764c8c9f0764303df1fa3e29b9d4a",
                "sha256:c2edd45e1ecb244ff686720c4e3501d8c28e049f0fdb05ab064d2587375ef2d1",
                "sha256:d00914208a2953125398d192d1c332eea2bfb4f210a1507efe5188fec18fb8e3",
                "sha256:e251c74b2551668ae890d4c7a2fbb73a6c9b692de4096ddd9867322873e11b2b",
                "sha256:e530625e979a8ac1fcb4421dfdc84607c0d3bd8c610f6e8983eb2925068c006e",
                "sha256:ecdb1941cb5ffca9acaa24ab1618cf14528687297a74e9257ee223062883b7d4",
                "sha256:eefc22d51bc9be6e18bde5aaf15008b118771689036fc8817cec3317eca4fff1",
                "sha256:ef8195412e71268ba6de1809d1fe64fad7bc4c2d2ff22eaff50c66317a94f4cf"
            ],
            "index": "pypi",
            "markers": "python_version >= '3.8'",
            "version": "==7.2.10"
        },
        "cx-logging": {
            "hashes": [
                "sha256:12b37b33478a37c34cf5afa976ccf5bc441f13781f60f0dd206a4ab63cccf24a",
                "sha256:15e9eee263168f2015cbc7e921775d6f08db15b127c3c48b23080ec190f2bc66",
                "sha256:1ad36493c59f452709813d8b5b34164aae7c576445e9d5758ce4dfe1ea2561ed",
                "sha256:26b707221077119606195fc14a65df2f21bd7bea78b383528ae8df4ea4298246",
                "sha256:330a29030bdca8795c99b678b4f6d87a75fb606eed1da206fdd9fa579a33dc21",
                "sha256:3452add0544db6ff29116b72a4c48761aaffa9b638728330433853c0c4ad2ea1",
                "sha256:3f3de06cf09d5986b39e930c213567c340b3237dfce03d8d3bf6099475eaa02e",
                "sha256:42f48fae8254b6de27710b6bfd34467fde88072d5961f67e88914d7e2bb6c13e",
                "sha256:4f6366871aa70439c4e3c25c3bb3dd70e8ee98bc190fd30862d7b199948b26f8",
                "sha256:4fb0d7c6dc9a8c403e4c62a3be87301946102d036fbe7bd66c6851225ac05a2e",
                "sha256:710ca06a6cdd56a7c8e866c70e0a4dc92453e7000355b8dca07dac008ca57b6e",
                "sha256:800ce5a99a40f091b3671f9e174a6695e4cc30193b3b1aafb7f4712459ec080c",
                "sha256:812665ae5012680a6fe47095c3772bce638e47cf05b2c3483db3bdbe6b06da44",
                "sha256:8f4d60a1a1508e88f2dab78494a1a8fd417ce335f94c01b0d443560cf8838115",
                "sha256:9418ca19ef435865815f3c60f60412993cf6823fe99882c9c8adeaaabe61ea07",
                "sha256:c2bab892db2b1c18aaea2bc3dec001a73274fc4496c2c6d749144f179a8e2041",
                "sha256:d57d9633671be935b83be86c43309f261fbe8ea5da704d96756999ede727f1e9",
                "sha256:e03e6ab69b7782b30eff481cabdb12b4f4693b684c8954af773b523e64f6211b",
                "sha256:e14748b031522a95aa2db4adfc5f2be5f96f4d0fe687da591114f73a09e66926",
                "sha256:ef526f0ddeba8611942ee76f2117cebb6319a2413b4077c2c1bf0947a61b9148",
                "sha256:f27755fbed447fc78f5e2aaf9aa2e75fd699ce0cd6e01649edd36eebe4db26e9"
            ],
            "markers": "sys_platform == 'win32'",
            "version": "==3.2.1"
        },
        "idna": {
            "hashes": [
                "sha256:12f65c9b470abda6dc35cf8e63cc574b1c52b11df2c86030af0ac09b01b13ea9",
                "sha256:946d195a0d259cbba61165e88e65941f16e9b36ea6ddb97f00452bae8b1287d3"
            ],
            "markers": "python_version >= '3.6'",
            "version": "==3.10"
        },
        "lief": {
            "hashes": [
                "sha256:0b7dc44137c35e4e7c55278369f6148c8893128d694ddce1d28f4822967e5756",
                "sha256:0fca20122c27a86efb5d083fef6514fb2fbd910965654cb8568f2db8dfe2678f",
                "sha256:17a57cc7accb27ef84a2af395dfcd1ff5c1dabb27a90fda269327678a18a22f0",
                "sha256:17e78fc2790fd4ebd15cf9fd86abf0d7fa91aa229d70707f0bc0391ba522129c",
                "sha256:1e79e7ad2bd822c19303b722e5239976521bc1777a2ddadccdc65db68eb5088d",
                "sha256:2eb80b1344a009e27702a7ee0ffa7013d792c0d7237e6871fe28210eac8446c0",
                "sha256:366205cf382cc246e36d855c7286af6a9e85994fbac47a0a00c206c4f21c998f",
                "sha256:3a473aa8557df517d7d520235cd785d0a83d543eda0090ca657a7899980695a0",
                "sha256:489a3e77805ebd31f38c9a2786cfddf65c8cca428fa017f7ee38b006143fd3a0",
                "sha256:4eb179e9a34a37edbe72c80c0ef7a93cd9ebee4e8fe27165f96841a9d00e1adb",
                "sha256:51df4e1c1bc52caa90d5ad63dfd587cd737dde1274f6935bf034f7628c87d5a4",
                "sha256:52dc05445d8019b61a9ab8c6eb9d6238c4346ac692dcecca76d5f329a999216e",
                "sha256:558570ffbb356a8a8f8e2e35cc37edb08ef019ec5fc087f4ed764573071a0901",
                "sha256:684f49352123230603369eea032a49f7fe0992624c5ba2120edbd62d974893be",
                "sha256:6b4370508c8b82173e961372310e9c3d410c314cb60dadd80f2acb1a20197265",
                "sha256:6bd8fe4d8b907cd7e024789ba3070e417e9bff50ac13698b43b4d992f30f32d2",
                "sha256:6ec906f209e275fd57bc2b003bee6f0e70b9ceabf5d93bcea8de0684735cbe8c",
                "sha256:6f5155f382f3da85262465817196a3890124c2483b52a2a15acfdc006155296f",
                "sha256:70c1f5f66bd4eeead2853a7a80d941b4dd03e3791c68c5351b0d39c78cfa9afe",
                "sha256:73a7bcaf2c2d1819e2c46b3548d29e8bc2c0547be30beb8394ea58c19afa6cab",
                "sha256:789bf8fd6cf64fe678b4273797e882c0bd81b702f75c3775c9f175225e1ecad7",
                "sha256:8fafd992eb9dfca9d8e39e4b4218682bcbf60fd88f43bf198ce8cb20a6674b2e",
                "sha256:95d09183fb4db9dd1534eecc8b36b714bcddf2831cd6c56499b10346e48b2a77",
                "sha256:978469619f5e8c3faa5bcbb94a89df49565a427b2e75267924f76a7f42cd2a0f",
                "sha256:988889a7e837d12f400011bf6fb91197a94abda51e2e7c135e31ba09b032c718",
                "sha256:9d7583d11d596afc723b664390d61e1e6d7988b3ad160bfb7438f2cd43099170",
                "sha256:9e6cf12c2e032e61f8a60512877b3408cf7c0bc8b76f6bc3e830435397a6555d",
                "sha256:aefbe78b06d9e89387ab8fc069d1cb34252f5916cf35eaa21088b21b74b99d08",
                "sha256:b76cf0b8dcce6e3ca88f6e721d471b8ae02192f662c896204285c9561a602e1b",
                "sha256:bb2d0eb59919f3ca8562a8fbae55e4d07194135063f05cfe314c8405cd2d4cce",
                "sha256:bca81d5e2be50925f8e04bb14f02496a14572bb1e326405468afb8a8c11ec508",
                "sha256:be2e7074c8bf0c10fcb1afd8dedb404c86c700123a856208d03ce9dd018392d5",
                "sha256:bf85ff0b4f1c70c3a37c9be5a38c213c84cef6691083fd1ffa6980a4a0d5a410",
                "sha256:c2b205a5f2bb7c2e355ca5ccc71801774af1d40758fa1e338f72678367321efe",
                "sha256:d29480db4cbf212c7deca4b544e4eef6923d1203083518ab0f0f597411e80e51",
                "sha256:d3811e76a2da6e5e351cc2dd09ea34c1fc30e5dd2d6cbbfcd5344dfeb39e0119",
                "sha256:e0b151eccbeda0fe666448c0801022ec5aa92b7383c0a0e8ca586931fd1bfff0",
                "sha256:e0ebd06459fad54c5ad9a3caf3e3a7e3010811f51068cbd550c4ae1ee28a9b89",
                "sha256:e7ba797829584c5cc1c8a736b2f1587f09b1f3030239c968c7664649fb79ae15",
                "sha256:e924ee22ae6dd5ac660768b46e42ef19bba2a6faf680adcd70aebc536e1ecffb",
                "sha256:edf5e1479195920b654e3e1eb6863d466a67fd1bbd2ecc7dcbf2eeeb05353a0c",
                "sha256:f18573e16b53ff9626eaa242e8d00a9780107d39a41eb4698c07a965c2267fc9"
            ],
            "markers": "sys_platform == 'win32'",
            "version": "==0.16.3"
        },
        "packaging": {
            "hashes": [
                "sha256:09abb1bccd265c01f4a3aa3f7a7db064b36514d2cba19a2f694fe6150451a759",
                "sha256:c228a6dc5e932d346bc5739379109d49e8853dd8223571c7c5b55260edc0b97f"
            ],
            "markers": "python_version >= '3.8'",
            "version": "==24.2"
        },
        "pynput": {
            "hashes": [
                "sha256:afc43f651684c98818de048abc76adf9f2d3d797083cb07c1f82be764a2d44cb"
            ],
            "index": "pypi",
            "version": "==1.7.7"
        },
        "pyqt6": {
            "hashes": [
                "sha256:0425f9eebdd5d4e57ab36424c9382f2ea06670c3c550fa0028c2b19bd0a1d7bd",
                "sha256:2eac2267a34828b8db7660dd3cc3b3b5fd76a92e61ad45471565b01221cb558b",
                "sha256:36bf48e3df3a6ff536e703315d155480ef4e260396eb5469eb7a875bc5bb7ab4",
                "sha256:70bad7b890a8f9e9e5fb9598c544b832d9d9d99a9519e0009cb29c1e15e96632",
                "sha256:91d937d6166274fafd70f4dee11a8da6dbfdb0da53de05f5d62361ddf775e256",
                "sha256:a40f878e8e5eeeb0bba995152d07eeef9375ea0116df0f4aad0a6b97c8ad1175"
            ],
            "index": "pypi",
            "markers": "python_version >= '3.9'",
            "version": "==6.8.1"
        },
        "pyqt6-qt6": {
            "hashes": [
                "sha256:28e2bb641f05b01e498503c3ef01c8a919d6e0e96b50230301c0baac2b7d1433",
                "sha256:40cda901a3e1617e79225c354fe9d89b80249f0a6c6aaa18b40938e05bbf7d1f",
                "sha256:470dd4211fe5a67b0565e0202e7aa67816e5dcf7d713528b88327adaebd0934e",
                "sha256:5970c85d22cbe5c476418994549161b23ed938e25b04fc4ca8fabf6dcac7b03f",
                "sha256:912afdddd0dfc666ce1c16bc4695e2acd680db72343e4f7a2b7c053a0146b4bc",
                "sha256:fb6d0acdd7d43c33fb8b9d2dd7922d381cdedd00da316049fbe01fc1973e6f05"
            ],
            "version": "==6.8.2"
        },
        "pyqt6-sip": {
            "hashes": [
                "sha256:0422781c77b85eefd7a26f104c5998ede178a16b0fd35212664250215b6e5e4c",
                "sha256:079bb946edc3960f08d92b3a8eebff55d3abb51bc2a0583b6683dfd9f77a616a",
                "sha256:0fcb30756568f8cd59290f9ef2ae5ee3e72ff9cdd61a6f80c9e3d3b95ae676be",
                "sha256:21417ffd2c489afef114cb09683bbc0fb24d78df848a21fc0d09e70ecbb0a4a4",
                "sha256:2d579d810d0047d40bde9c6aef281d6ed218db93c9496ebc9e55b9e6f27a229d",
                "sha256:39cba2cc71cf80a99b4dc8147b43508d4716e128f9fb99f5eb5860a37f082282",
                "sha256:466d6b4791973c9fcbdc2e0087ed194b9ea802a8c3948867a849498f0841c70c",
                "sha256:48791db2914fc39c3218519a02d2a5fd3fcd354a1be3141a57bf2880701486f2",
                "sha256:548c70bc40d993be0eb011e1bbc41ba7c95f6af375613b58217f39ad8d703345",
                "sha256:571900c44a3e38738d696234d94fe2043972b9de0633505451c99e2922cb6a34",
                "sha256:5f026a1278f9c2a745542d4a05350f2392d4cf339275fb8efccb47b0f213d120",
                "sha256:6e1b1f7a29290afc83bcd9970e0cffa2d0da87d81796b6eab7b6f583e4f49652",
                "sha256:6e78fb8036b18f6258a1af0956c5a3cec1dd3d8dd5196ecd89a31b529bf40e82",
                "sha256:757ac52c92b2ef0b56ecc7cd763b55a62d3c14271d7ea8d03315af85a70090ff",
                "sha256:7b6e250c2e7c14702a623f2cc1479d7fb8db2b6eee9697cac10d06fe79c281bb",
                "sha256:90974f5dbba1f5d1d2ca9b1cfdfd5258e5e3cfacead03f0df674d54c69973ea7",
                "sha256:ad573184fa8b00041944e5a17d150ab0d08db2d2189e39c9373574ebab3f2e58",
                "sha256:ae15358941f127cd3d1ab09c1ebd45c4dabb0b2e91587b9eebde0279d0039c54",
                "sha256:bbefd5539eeda4dec37e8b6dfc362ba240ec31279060336bcceaff572807dac8",
                "sha256:d27a3fed2a461f179d3cde6a74530fbad629ccaa66ed739b9544fda1932887af",
                "sha256:d6daa95a0bd315d9ec523b549e0ce97455f61ded65d5eafecd83ed2aa4ae5350",
                "sha256:e19d5887fa3003a635419644dfed3158cb15eb566fc27b1ed56913a5767a71dc",
                "sha256:e7b1258963717cfae1d30e262bb784db808072a8a674d98f57c2076caaa50499",
                "sha256:f64183dde2af36515dab515f4301a5a8d9b3658b231769fa48fe6287dc52f375"
            ],
            "markers": "python_version >= '3.9'",
            "version": "==13.10.0"
        },
        "requests": {
            "hashes": [
                "sha256:55365417734eb18255590a9ff9eb97e9e1da868d4ccd6402399eaf68af20a760",
                "sha256:70761cfe03c773ceb22aa2f671b4757976145175cdfca038c02654d061d6dcc6"
            ],
            "index": "pypi",
            "markers": "python_version >= '3.8'",
            "version": "==2.32.3"
        },
        "setuptools": {
            "hashes": [
                "sha256:4880473a969e5f23f2a2be3646b2dfd84af9028716d398e46192f84bc36900d2",
                "sha256:558e47c15f1811c1fa7adbd0096669bf76c1d3f433f58324df69f3f5ecac4e8f"
            ],
            "markers": "python_version >= '3.9'",
            "version": "==75.8.2"
        },
        "six": {
            "hashes": [
                "sha256:4721f391ed90541fddacab5acf947aa0d3dc7d27b2e1e8eda2be8970586c3274",
                "sha256:ff70335d468e7eb6ec65b95b99d3a2836546063f63acc5171de367e834932a81"
            ],
            "markers": "python_version >= '2.7' and python_version not in '3.0, 3.1, 3.2'",
            "version": "==1.17.0"
        },
        "urllib3": {
            "hashes": [
                "sha256:1cee9ad369867bfdbbb48b7dd50374c0967a0bb7710050facf0dd6911440e3df",
                "sha256:f8c5449b3cf0861679ce7e0503c7b44b5ec981bec0d1d3795a07f1ba96f0204d"
            ],
            "markers": "python_version >= '3.9'",
            "version": "==2.3.0"
        }
    },
    "develop": {}
}
